
Microsoft Visual Studio Solution File, Format Version 12.00
# Visual Studio 15
VisualStudioVersion = 15.0.27130.2027
MinimumVisualStudioVersion = 10.0.40219.1
Project("{FAE04EC0-301F-11D3-BF4B-00C04F79EFBC}") = "LingLong.Admin.BLL", "LingLong.Admin.BLL\LingLong.Admin.BLL.csproj", "{DC184966-C77A-4FB1-B6D0-041381B1BBDF}"
EndProject
Project("{FAE04EC0-301F-11D3-BF4B-00C04F79EFBC}") = "LingLong.Admin.Model", "LingLong.Admin.Model\LingLong.Admin.Model.csproj", "{8BADED08-EE16-46DB-A38A-9E1C9B0318A9}"
EndProject
Project("{FAE04EC0-301F-11D3-BF4B-00C04F79EFBC}") = "LingLong.Admin.DAL", "LingLong.Admin.DAL\LingLong.Admin.DAL.csproj", "{81BB1487-16BA-40FE-8D9B-2349F4AE5BAF}"
EndProject
Project("{FAE04EC0-301F-11D3-BF4B-00C04F79EFBC}") = "LingLong.Admin.Common", "LingLong.Admin.Common\LingLong.Admin.Common.csproj", "{AA8EB5F8-940E-4246-912D-AEA31EC17CB6}"
EndProject
Project("{FAE04EC0-301F-11D3-BF4B-00C04F79EFBC}") = "LingLong.Admin.Web", "LingLong.Admin.Web\LingLong.Admin.Web.csproj", "{80A3233F-05F3-4E89-8684-B6B34DB7CCC3}"
EndProject
Global
	GlobalSection(SolutionConfigurationPlatforms) = preSolution
		Debug|Any CPU = Debug|Any CPU
		Release|Any CPU = Release|Any CPU
	EndGlobalSection
	GlobalSection(ProjectConfigurationPlatforms) = postSolution
		{DC184966-C77A-4FB1-B6D0-041381B1BBDF}.Debug|Any CPU.ActiveCfg = Debug|Any CPU
		{DC184966-C77A-4FB1-B6D0-041381B1BBDF}.Debug|Any CPU.Build.0 = Debug|Any CPU
		{DC184966-C77A-4FB1-B6D0-041381B1BBDF}.Release|Any CPU.ActiveCfg = Release|Any CPU
		{DC184966-C77A-4FB1-B6D0-041381B1BBDF}.Release|Any CPU.Build.0 = Release|Any CPU
		{8BADED08-EE16-46DB-A38A-9E1C9B0318A9}.Debug|Any CPU.ActiveCfg = Debug|Any CPU
		{8BADED08-EE16-46DB-A38A-9E1C9B0318A9}.Debug|Any CPU.Build.0 = Debug|Any CPU
		{8BADED08-EE16-46DB-A38A-9E1C9B0318A9}.Release|Any CPU.ActiveCfg = Release|Any CPU
		{8BADED08-EE16-46DB-A38A-9E1C9B0318A9}.Release|Any CPU.Build.0 = Release|Any CPU
		{81BB1487-16BA-40FE-8D9B-2349F4AE5BAF}.Debug|Any CPU.ActiveCfg = Debug|Any CPU
		{81BB1487-16BA-40FE-8D9B-2349F4AE5BAF}.Debug|Any CPU.Build.0 = Debug|Any CPU
		{81BB1487-16BA-40FE-8D9B-2349F4AE5BAF}.Release|Any CPU.ActiveCfg = Release|Any CPU
		{81BB1487-16BA-40FE-8D9B-2349F4AE5BAF}.Release|Any CPU.Build.0 = Release|Any CPU
		{AA8EB5F8-940E-4246-912D-AEA31EC17CB6}.Debug|Any CPU.ActiveCfg = Debug|Any CPU
		{AA8EB5F8-940E-4246-912D-AEA31EC17CB6}.Debug|Any CPU.Build.0 = Debug|Any CPU
		{AA8EB5F8-940E-4246-912D-AEA31EC17CB6}.Release|Any CPU.ActiveCfg = Release|Any CPU
		{AA8EB5F8-940E-4246-912D-AEA31EC17CB6}.Release|Any CPU.Build.0 = Release|Any CPU
		{80A3233F-05F3-4E89-8684-B6B34DB7CCC3}.Debug|Any CPU.ActiveCfg = Debug|Any CPU
		{80A3233F-05F3-4E89-8684-B6B34DB7CCC3}.Debug|Any CPU.Build.0 = Debug|Any CPU
		{80A3233F-05F3-4E89-8684-B6B34DB7CCC3}.Release|Any CPU.ActiveCfg = Release|Any CPU
		{80A3233F-05F3-4E89-8684-B6B34DB7CCC3}.Release|Any CPU.Build.0 = Release|Any CPU
	EndGlobalSection
	GlobalSection(SolutionProperties) = preSolution
		HideSolutionNode = FALSE
	EndGlobalSection
	GlobalSection(ExtensibilityGlobals) = postSolution
		SolutionGuid = {4C6B7842-B106-4882-8746-3B916A4ED0E1}
	EndGlobalSection
EndGlobal
